
Microsoft Visual Studio Solution File, Format Version 12.00
# Visual Studio Version 17
VisualStudioVersion = 17.14.36623.8 d17.14
MinimumVisualStudioVersion = 10.0.40219.1
Project("{FAE04EC0-301F-11D3-BF4B-00C04F79EFBC}") = "JuegoPOO", "JuegoPOO\JuegoPOO.csproj", "{9E401D12-ACA2-4BFE-A105-3A7D58B3CADB}"
EndProject
Global
	GlobalSection(SolutionConfigurationPlatforms) = preSolution
		Debug|Any CPU = Debug|Any CPU
		Release|Any CPU = Release|Any CPU
	EndGlobalSection
	GlobalSection(ProjectConfigurationPlatforms) = postSolution
		{9E401D12-ACA2-4BFE-A105-3A7D58B3CADB}.Debug|Any CPU.ActiveCfg = Debug|Any CPU
		{9E401D12-ACA2-4BFE-A105-3A7D58B3CADB}.Debug|Any CPU.Build.0 = Debug|Any CPU
		{9E401D12-ACA2-4BFE-A105-3A7D58B3CADB}.Release|Any CPU.ActiveCfg = Release|Any CPU
		{9E401D12-ACA2-4BFE-A105-3A7D58B3CADB}.Release|Any CPU.Build.0 = Release|Any CPU
	EndGlobalSection
	GlobalSection(SolutionProperties) = preSolution
		HideSolutionNode = FALSE
	EndGlobalSection
	GlobalSection(ExtensibilityGlobals) = postSolution
		SolutionGuid = {57FCFC4C-4C64-433C-A495-0FB01A358304}
	EndGlobalSection
EndGlobal
